
Microsoft Visual Studio Solution File, Format Version 12.00
# Visual Studio 2012
Project("{FAE04EC0-301F-11D3-BF4B-00C04F79EFBC}") = "StatsTwitterBot", "TwitterTest\StatsTwitterBot.csproj", "{2CF5A653-9B9E-44D2-9694-EEA47BE782BC}"
EndProject
Project("{FAE04EC0-301F-11D3-BF4B-00C04F79EFBC}") = "MachoManTwitterBotService", "MachoManTwitterBotService\MachoManTwitterBotService.csproj", "{EDE2BD57-D4AF-4144-9321-4B2CDC39FF29}"
EndProject
Project("{FAE04EC0-301F-11D3-BF4B-00C04F79EFBC}") = "TwitterBotTest", "TwitterBotTest\TwitterBotTest.csproj", "{FDD87D65-14AF-45FA-B23C-AD1E08C86E7F}"
EndProject
Project("{FAE04EC0-301F-11D3-BF4B-00C04F79EFBC}") = "TwitterBotConsole", "TwitterBotConsole\TwitterBotConsole.csproj", "{990EA781-710C-48DE-9928-6501902A83A1}"
EndProject
Project("{FAE04EC0-301F-11D3-BF4B-00C04F79EFBC}") = "TwitterMasterBot", "TwitterMasterBot\TwitterMasterBot.csproj", "{2BE58E10-B0F2-482A-AD52-600BE0D29EA4}"
EndProject
Global
	GlobalSection(SolutionConfigurationPlatforms) = preSolution
		Debug|Any CPU = Debug|Any CPU
		Release|Any CPU = Release|Any CPU
	EndGlobalSection
	GlobalSection(ProjectConfigurationPlatforms) = postSolution
		{2CF5A653-9B9E-44D2-9694-EEA47BE782BC}.Debug|Any CPU.ActiveCfg = Debug|Any CPU
		{2CF5A653-9B9E-44D2-9694-EEA47BE782BC}.Debug|Any CPU.Build.0 = Debug|Any CPU
		{2CF5A653-9B9E-44D2-9694-EEA47BE782BC}.Release|Any CPU.ActiveCfg = Release|Any CPU
		{2CF5A653-9B9E-44D2-9694-EEA47BE782BC}.Release|Any CPU.Build.0 = Release|Any CPU
		{EDE2BD57-D4AF-4144-9321-4B2CDC39FF29}.Debug|Any CPU.ActiveCfg = Debug|Any CPU
		{EDE2BD57-D4AF-4144-9321-4B2CDC39FF29}.Debug|Any CPU.Build.0 = Debug|Any CPU
		{EDE2BD57-D4AF-4144-9321-4B2CDC39FF29}.Release|Any CPU.ActiveCfg = Release|Any CPU
		{EDE2BD57-D4AF-4144-9321-4B2CDC39FF29}.Release|Any CPU.Build.0 = Release|Any CPU
		{FDD87D65-14AF-45FA-B23C-AD1E08C86E7F}.Debug|Any CPU.ActiveCfg = Debug|Any CPU
		{FDD87D65-14AF-45FA-B23C-AD1E08C86E7F}.Debug|Any CPU.Build.0 = Debug|Any CPU
		{FDD87D65-14AF-45FA-B23C-AD1E08C86E7F}.Release|Any CPU.ActiveCfg = Release|Any CPU
		{FDD87D65-14AF-45FA-B23C-AD1E08C86E7F}.Release|Any CPU.Build.0 = Release|Any CPU
		{990EA781-710C-48DE-9928-6501902A83A1}.Debug|Any CPU.ActiveCfg = Debug|Any CPU
		{990EA781-710C-48DE-9928-6501902A83A1}.Debug|Any CPU.Build.0 = Debug|Any CPU
		{990EA781-710C-48DE-9928-6501902A83A1}.Release|Any CPU.ActiveCfg = Release|Any CPU
		{990EA781-710C-48DE-9928-6501902A83A1}.Release|Any CPU.Build.0 = Release|Any CPU
		{2BE58E10-B0F2-482A-AD52-600BE0D29EA4}.Debug|Any CPU.ActiveCfg = Debug|Any CPU
		{2BE58E10-B0F2-482A-AD52-600BE0D29EA4}.Debug|Any CPU.Build.0 = Debug|Any CPU
		{2BE58E10-B0F2-482A-AD52-600BE0D29EA4}.Release|Any CPU.ActiveCfg = Release|Any CPU
		{2BE58E10-B0F2-482A-AD52-600BE0D29EA4}.Release|Any CPU.Build.0 = Release|Any CPU
	EndGlobalSection
	GlobalSection(SolutionProperties) = preSolution
		HideSolutionNode = FALSE
	EndGlobalSection
EndGlobal
